
Microsoft Visual Studio Solution File, Format Version 12.00
# Visual Studio Version 16
VisualStudioVersion = 16.0.31702.278
MinimumVisualStudioVersion = 10.0.40219.1
Project("{FAE04EC0-301F-11D3-BF4B-00C04F79EFBC}") = "RedeBebidas", "RedeBebidas.csproj", "{DD28A7F3-CBDC-41A9-A95D-D2A1B7CF7890}"
EndProject
Global
	GlobalSection(SolutionConfigurationPlatforms) = preSolution
		Debug|Any CPU = Debug|Any CPU
		Release|Any CPU = Release|Any CPU
	EndGlobalSection
	GlobalSection(ProjectConfigurationPlatforms) = postSolution
		{DD28A7F3-CBDC-41A9-A95D-D2A1B7CF7890}.Debug|Any CPU.ActiveCfg = Debug|Any CPU
		{DD28A7F3-CBDC-41A9-A95D-D2A1B7CF7890}.Debug|Any CPU.Build.0 = Debug|Any CPU
		{DD28A7F3-CBDC-41A9-A95D-D2A1B7CF7890}.Release|Any CPU.ActiveCfg = Release|Any CPU
		{DD28A7F3-CBDC-41A9-A95D-D2A1B7CF7890}.Release|Any CPU.Build.0 = Release|Any CPU
	EndGlobalSection
	GlobalSection(SolutionProperties) = preSolution
		HideSolutionNode = FALSE
	EndGlobalSection
	GlobalSection(ExtensibilityGlobals) = postSolution
		SolutionGuid = {2D87A3A2-5720-4233-BCEA-9AD0A8E8EF75}
	EndGlobalSection
EndGlobal
